
Microsoft Visual Studio Solution File, Format Version 12.00
# Visual Studio Version 17
VisualStudioVersion = 17.9.34701.34
MinimumVisualStudioVersion = 10.0.40219.1
Project("{9A19103F-16F7-4668-BE54-9A1E7A4F7556}") = "DotnetApiTemplate.Api", "DotnetApiTemplate.Api\DotnetApiTemplate.Api.csproj", "{A825BAE3-3743-4A88-8C4D-B15477ED8E7F}"
EndProject
Project("{9A19103F-16F7-4668-BE54-9A1E7A4F7556}") = "DotnetApiTemplate.DataAccess", "DotnetApiTemplate.DataAccess\DotnetApiTemplate.DataAccess.csproj", "{F7E088B0-F035-496F-96CB-F1CDC4F4871D}"
EndProject
Project("{9A19103F-16F7-4668-BE54-9A1E7A4F7556}") = "DotnetApiTemplate.Domain", "DotnetApiTemplate.Domain\DotnetApiTemplate.Domain.csproj", "{481D8478-ADDD-4092-8E14-531F8E322596}"
EndProject
Project("{9A19103F-16F7-4668-BE54-9A1E7A4F7556}") = "DotnetApiTemplate.Services", "DotnetApiTemplate.Services\DotnetApiTemplate.Services.csproj", "{18D58706-91B1-4A5F-B903-7AB5E9368F0B}"
EndProject
Project("{9A19103F-16F7-4668-BE54-9A1E7A4F7556}") = "DotnetApiTemplate.Tests", "DotnetApiTemplate.Tests\DotnetApiTemplate.Tests.csproj", "{DDD1A87F-337B-4B39-8B93-DB68B0354608}"
EndProject
Global
	GlobalSection(SolutionConfigurationPlatforms) = preSolution
		Debug|Any CPU = Debug|Any CPU
		Release|Any CPU = Release|Any CPU
	EndGlobalSection
	GlobalSection(ProjectConfigurationPlatforms) = postSolution
		{A825BAE3-3743-4A88-8C4D-B15477ED8E7F}.Debug|Any CPU.ActiveCfg = Debug|Any CPU
		{A825BAE3-3743-4A88-8C4D-B15477ED8E7F}.Debug|Any CPU.Build.0 = Debug|Any CPU
		{A825BAE3-3743-4A88-8C4D-B15477ED8E7F}.Release|Any CPU.ActiveCfg = Release|Any CPU
		{A825BAE3-3743-4A88-8C4D-B15477ED8E7F}.Release|Any CPU.Build.0 = Release|Any CPU
		{F7E088B0-F035-496F-96CB-F1CDC4F4871D}.Debug|Any CPU.ActiveCfg = Debug|Any CPU
		{F7E088B0-F035-496F-96CB-F1CDC4F4871D}.Debug|Any CPU.Build.0 = Debug|Any CPU
		{F7E088B0-F035-496F-96CB-F1CDC4F4871D}.Release|Any CPU.ActiveCfg = Release|Any CPU
		{F7E088B0-F035-496F-96CB-F1CDC4F4871D}.Release|Any CPU.Build.0 = Release|Any CPU
		{481D8478-ADDD-4092-8E14-531F8E322596}.Debug|Any CPU.ActiveCfg = Debug|Any CPU
		{481D8478-ADDD-4092-8E14-531F8E322596}.Debug|Any CPU.Build.0 = Debug|Any CPU
		{481D8478-ADDD-4092-8E14-531F8E322596}.Release|Any CPU.ActiveCfg = Release|Any CPU
		{481D8478-ADDD-4092-8E14-531F8E322596}.Release|Any CPU.Build.0 = Release|Any CPU
		{18D58706-91B1-4A5F-B903-7AB5E9368F0B}.Debug|Any CPU.ActiveCfg = Debug|Any CPU
		{18D58706-91B1-4A5F-B903-7AB5E9368F0B}.Debug|Any CPU.Build.0 = Debug|Any CPU
		{18D58706-91B1-4A5F-B903-7AB5E9368F0B}.Release|Any CPU.ActiveCfg = Release|Any CPU
		{18D58706-91B1-4A5F-B903-7AB5E9368F0B}.Release|Any CPU.Build.0 = Release|Any CPU
		{DDD1A87F-337B-4B39-8B93-DB68B0354608}.Debug|Any CPU.ActiveCfg = Debug|Any CPU
		{DDD1A87F-337B-4B39-8B93-DB68B0354608}.Debug|Any CPU.Build.0 = Debug|Any CPU
		{DDD1A87F-337B-4B39-8B93-DB68B0354608}.Release|Any CPU.ActiveCfg = Release|Any CPU
		{DDD1A87F-337B-4B39-8B93-DB68B0354608}.Release|Any CPU.Build.0 = Release|Any CPU
	EndGlobalSection
	GlobalSection(SolutionProperties) = preSolution
		HideSolutionNode = FALSE
	EndGlobalSection
	GlobalSection(ExtensibilityGlobals) = postSolution
		SolutionGuid = {F4B0914A-4BF5-4B33-A314-2AAB0011094B}
	EndGlobalSection
EndGlobal
